
Microsoft Visual Studio Solution File, Format Version 12.00
# Visual Studio Version 17
VisualStudioVersion = 17.10.35122.118
MinimumVisualStudioVersion = 10.0.40219.1
Project("{9A19103F-16F7-4668-BE54-9A1E7A4F7556}") = "CorePlay", "CorePlay\CorePlay\CorePlay.csproj", "{D983EF1F-0C29-4F50-B19D-4C3BD6B87BD2}"
EndProject
Project("{9A19103F-16F7-4668-BE54-9A1E7A4F7556}") = "CorePlay.Android", "CorePlay\CorePlay.Android\CorePlay.Android.csproj", "{29D949B6-D53C-4DBF-A4D5-045C81FCBD36}"
EndProject
Project("{9A19103F-16F7-4668-BE54-9A1E7A4F7556}") = "CorePlay.Desktop", "CorePlay\CorePlay.Desktop\CorePlay.Desktop.csproj", "{587128AE-A463-4F7A-A34D-F769CDB37DB0}"
EndProject
Project("{9A19103F-16F7-4668-BE54-9A1E7A4F7556}") = "CorePlay.iOS", "CorePlay\CorePlay.iOS\CorePlay.iOS.csproj", "{8634AA4B-0229-46EB-A138-358A8CF7F5CD}"
EndProject
Project("{9A19103F-16F7-4668-BE54-9A1E7A4F7556}") = "CorePlay.Browser", "CorePlay\CorePlay.Browser\CorePlay.Browser.csproj", "{B438A205-FD09-4C1E-8867-5EB6294DA68D}"
EndProject
Project("{9A19103F-16F7-4668-BE54-9A1E7A4F7556}") = "CorePlay.SDK", "CorePlay.SDK\CorePlay.SDK.csproj", "{72CD1642-3CF9-4A11-A5CA-05465D96B19F}"
EndProject
Project("{9A19103F-16F7-4668-BE54-9A1E7A4F7556}") = "CorePlay.Plugins.Library.SteamLibrary", "CorePlay.Plugins.Library.SteamLibrary\CorePlay.Plugins.Library.SteamLibrary.csproj", "{3A7ABD86-B59E-4BDE-B4D5-83765D44BFAD}"
EndProject
Project("{9A19103F-16F7-4668-BE54-9A1E7A4F7556}") = "CorePlay.Plugins.Metadata.IGDB", "CorePlay.Plugins.Metadata.IGDB\CorePlay.Plugins.Metadata.IGDB.csproj", "{F4F3DC35-D712-4AEA-BCD6-C3640179F53D}"
EndProject
Project("{9A19103F-16F7-4668-BE54-9A1E7A4F7556}") = "CorePlay.Plugins.Metadata.SteamGridDB", "CorePlay.Plugins.Metadata.SteamGridDB\CorePlay.Plugins.Metadata.SteamGridDB.csproj", "{CC9F1594-7426-49A2-9736-ECBFA161601F}"
EndProject
Global
	GlobalSection(SolutionConfigurationPlatforms) = preSolution
		Debug|Any CPU = Debug|Any CPU
		Release|Any CPU = Release|Any CPU
	EndGlobalSection
	GlobalSection(ProjectConfigurationPlatforms) = postSolution
		{D983EF1F-0C29-4F50-B19D-4C3BD6B87BD2}.Debug|Any CPU.ActiveCfg = Debug|Any CPU
		{D983EF1F-0C29-4F50-B19D-4C3BD6B87BD2}.Debug|Any CPU.Build.0 = Debug|Any CPU
		{D983EF1F-0C29-4F50-B19D-4C3BD6B87BD2}.Release|Any CPU.ActiveCfg = Release|Any CPU
		{D983EF1F-0C29-4F50-B19D-4C3BD6B87BD2}.Release|Any CPU.Build.0 = Release|Any CPU
		{29D949B6-D53C-4DBF-A4D5-045C81FCBD36}.Debug|Any CPU.ActiveCfg = Debug|Any CPU
		{29D949B6-D53C-4DBF-A4D5-045C81FCBD36}.Debug|Any CPU.Build.0 = Debug|Any CPU
		{29D949B6-D53C-4DBF-A4D5-045C81FCBD36}.Release|Any CPU.ActiveCfg = Release|Any CPU
		{29D949B6-D53C-4DBF-A4D5-045C81FCBD36}.Release|Any CPU.Build.0 = Release|Any CPU
		{587128AE-A463-4F7A-A34D-F769CDB37DB0}.Debug|Any CPU.ActiveCfg = Debug|Any CPU
		{587128AE-A463-4F7A-A34D-F769CDB37DB0}.Debug|Any CPU.Build.0 = Debug|Any CPU
		{587128AE-A463-4F7A-A34D-F769CDB37DB0}.Release|Any CPU.ActiveCfg = Release|Any CPU
		{587128AE-A463-4F7A-A34D-F769CDB37DB0}.Release|Any CPU.Build.0 = Release|Any CPU
		{8634AA4B-0229-46EB-A138-358A8CF7F5CD}.Debug|Any CPU.ActiveCfg = Debug|Any CPU
		{8634AA4B-0229-46EB-A138-358A8CF7F5CD}.Debug|Any CPU.Build.0 = Debug|Any CPU
		{8634AA4B-0229-46EB-A138-358A8CF7F5CD}.Release|Any CPU.ActiveCfg = Release|Any CPU
		{8634AA4B-0229-46EB-A138-358A8CF7F5CD}.Release|Any CPU.Build.0 = Release|Any CPU
		{B438A205-FD09-4C1E-8867-5EB6294DA68D}.Debug|Any CPU.ActiveCfg = Debug|Any CPU
		{B438A205-FD09-4C1E-8867-5EB6294DA68D}.Debug|Any CPU.Build.0 = Debug|Any CPU
		{B438A205-FD09-4C1E-8867-5EB6294DA68D}.Release|Any CPU.ActiveCfg = Release|Any CPU
		{B438A205-FD09-4C1E-8867-5EB6294DA68D}.Release|Any CPU.Build.0 = Release|Any CPU
		{72CD1642-3CF9-4A11-A5CA-05465D96B19F}.Debug|Any CPU.ActiveCfg = Debug|Any CPU
		{72CD1642-3CF9-4A11-A5CA-05465D96B19F}.Debug|Any CPU.Build.0 = Debug|Any CPU
		{72CD1642-3CF9-4A11-A5CA-05465D96B19F}.Release|Any CPU.ActiveCfg = Release|Any CPU
		{72CD1642-3CF9-4A11-A5CA-05465D96B19F}.Release|Any CPU.Build.0 = Release|Any CPU
		{3A7ABD86-B59E-4BDE-B4D5-83765D44BFAD}.Debug|Any CPU.ActiveCfg = Debug|Any CPU
		{3A7ABD86-B59E-4BDE-B4D5-83765D44BFAD}.Debug|Any CPU.Build.0 = Debug|Any CPU
		{3A7ABD86-B59E-4BDE-B4D5-83765D44BFAD}.Release|Any CPU.ActiveCfg = Release|Any CPU
		{3A7ABD86-B59E-4BDE-B4D5-83765D44BFAD}.Release|Any CPU.Build.0 = Release|Any CPU
		{F4F3DC35-D712-4AEA-BCD6-C3640179F53D}.Debug|Any CPU.ActiveCfg = Debug|Any CPU
		{F4F3DC35-D712-4AEA-BCD6-C3640179F53D}.Debug|Any CPU.Build.0 = Debug|Any CPU
		{F4F3DC35-D712-4AEA-BCD6-C3640179F53D}.Release|Any CPU.ActiveCfg = Release|Any CPU
		{F4F3DC35-D712-4AEA-BCD6-C3640179F53D}.Release|Any CPU.Build.0 = Release|Any CPU
		{CC9F1594-7426-49A2-9736-ECBFA161601F}.Debug|Any CPU.ActiveCfg = Debug|Any CPU
		{CC9F1594-7426-49A2-9736-ECBFA161601F}.Debug|Any CPU.Build.0 = Debug|Any CPU
		{CC9F1594-7426-49A2-9736-ECBFA161601F}.Release|Any CPU.ActiveCfg = Release|Any CPU
		{CC9F1594-7426-49A2-9736-ECBFA161601F}.Release|Any CPU.Build.0 = Release|Any CPU
	EndGlobalSection
	GlobalSection(SolutionProperties) = preSolution
		HideSolutionNode = FALSE
	EndGlobalSection
	GlobalSection(ExtensibilityGlobals) = postSolution
		SolutionGuid = {AC28C7E8-A6B4-4575-83C0-A4D912E34DC8}
	EndGlobalSection
EndGlobal
